
Microsoft Visual Studio Solution File, Format Version 12.00
# Visual Studio Version 17
VisualStudioVersion = 17.0.31903.59
MinimumVisualStudioVersion = 10.0.40219.1
Project("{FAE04EC0-301F-11D3-BF4B-00C04F79EFBC}") = "KeyCardPermissions", "KeyCardPermissions\KeyCardPermissions.csproj", "{96B7D2E8-870E-48A7-93DF-7CCD053DCF34}"
EndProject
Global
	GlobalSection(SolutionConfigurationPlatforms) = preSolution
		Debug|Any CPU = Debug|Any CPU
		Release|Any CPU = Release|Any CPU
	EndGlobalSection
	GlobalSection(ProjectConfigurationPlatforms) = postSolution
		{96B7D2E8-870E-48A7-93DF-7CCD053DCF34}.Debug|Any CPU.ActiveCfg = Debug|Any CPU
		{96B7D2E8-870E-48A7-93DF-7CCD053DCF34}.Debug|Any CPU.Build.0 = Debug|Any CPU
		{96B7D2E8-870E-48A7-93DF-7CCD053DCF34}.Release|Any CPU.ActiveCfg = Release|Any CPU
		{96B7D2E8-870E-48A7-93DF-7CCD053DCF34}.Release|Any CPU.Build.0 = Release|Any CPU
	EndGlobalSection
	GlobalSection(SolutionProperties) = preSolution
		HideSolutionNode = FALSE
	EndGlobalSection
	GlobalSection(ExtensibilityGlobals) = postSolution
		SolutionGuid = {46FEE4DC-4208-4351-A2DD-671BF1109B28}
	EndGlobalSection
EndGlobal
